// !$*UTF8*$!
{
	archiveVersion = 1;
	classes = {
	};
	objectVersion = 56;
	objects = {

/* Begin PBXBuildFile section */
		442EDE24298E9EEB00382014 /* ModelData.swift in Sources */ = {isa = PBXBuildFile; fileRef = 442EDE23298E9EEB00382014 /* ModelData.swift */; };
		4453F8A729913AF600119D98 /* GoogleService-Info.plist in Resources */ = {isa = PBXBuildFile; fileRef = 4453F8A629913AF600119D98 /* GoogleService-Info.plist */; };
		44629C6D298D9D34000FCE0B /* TableDrawModel.swift in Sources */ = {isa = PBXBuildFile; fileRef = 44629C6C298D9D34000FCE0B /* TableDrawModel.swift */; };
		44629C6F298DAD82000FCE0B /* PlayerListView.swift in Sources */ = {isa = PBXBuildFile; fileRef = 44629C6E298DAD82000FCE0B /* PlayerListView.swift */; };
		44629C71298DAD93000FCE0B /* PlayerCell.swift in Sources */ = {isa = PBXBuildFile; fileRef = 44629C70298DAD93000FCE0B /* PlayerCell.swift */; };
		44629C73298DADDF000FCE0B /* PlayerModel.swift in Sources */ = {isa = PBXBuildFile; fileRef = 44629C72298DADDF000FCE0B /* PlayerModel.swift */; };
		44696B53298F1F0D007CB53A /* FirebaseAuth in Frameworks */ = {isa = PBXBuildFile; productRef = 44696B52298F1F0D007CB53A /* FirebaseAuth */; };
		44696B55298F1F0D007CB53A /* FirebaseFirestore in Frameworks */ = {isa = PBXBuildFile; productRef = 44696B54298F1F0D007CB53A /* FirebaseFirestore */; };
		44696B57298F1F0D007CB53A /* FirebaseFunctions in Frameworks */ = {isa = PBXBuildFile; productRef = 44696B56298F1F0D007CB53A /* FirebaseFunctions */; };
		448025AB298E0EEE009736D2 /* PlayerDetailView.swift in Sources */ = {isa = PBXBuildFile; fileRef = 448025AA298E0EEE009736D2 /* PlayerDetailView.swift */; };
		449704ED29901A52004CD71D /* Constants.swift in Sources */ = {isa = PBXBuildFile; fileRef = 449704EC29901A52004CD71D /* Constants.swift */; };
		44AD5B6F298EDDE5002EC96D /* LaunchScreen.storyboard in Resources */ = {isa = PBXBuildFile; fileRef = 44AD5B6E298EDDE5002EC96D /* LaunchScreen.storyboard */; };
		44FC1B2B298C910700D807D7 /* SwiftUITableDrawApp.swift in Sources */ = {isa = PBXBuildFile; fileRef = 44FC1B2A298C910700D807D7 /* SwiftUITableDrawApp.swift */; };
		44FC1B2F298C910A00D807D7 /* Assets.xcassets in Resources */ = {isa = PBXBuildFile; fileRef = 44FC1B2E298C910A00D807D7 /* Assets.xcassets */; };
		44FC1B32298C910A00D807D7 /* Preview Assets.xcassets in Resources */ = {isa = PBXBuildFile; fileRef = 44FC1B31298C910A00D807D7 /* Preview Assets.xcassets */; };
		44FC1B3B298C919500D807D7 /* TourneyListView.swift in Sources */ = {isa = PBXBuildFile; fileRef = 44FC1B3A298C919500D807D7 /* TourneyListView.swift */; };
		44FC1B3D298C91D900D807D7 /* TourneyCell.swift in Sources */ = {isa = PBXBuildFile; fileRef = 44FC1B3C298C91D900D807D7 /* TourneyCell.swift */; };
		44FC1B42298CA9DB00D807D7 /* JSONData.json in Resources */ = {isa = PBXBuildFile; fileRef = 44FC1B41298CA9DA00D807D7 /* JSONData.json */; };
/* End PBXBuildFile section */

/* Begin PBXFileReference section */
		442EDE23298E9EEB00382014 /* ModelData.swift */ = {isa = PBXFileReference; lastKnownFileType = sourcecode.swift; path = ModelData.swift; sourceTree = "<group>"; };
		444567F3298D37F200401834 /* SwiftUITableDraw.entitlements */ = {isa = PBXFileReference; lastKnownFileType = text.plist.entitlements; path = SwiftUITableDraw.entitlements; sourceTree = "<group>"; };
		4453F8A629913AF600119D98 /* GoogleService-Info.plist */ = {isa = PBXFileReference; fileEncoding = 4; lastKnownFileType = text.plist.xml; path = "GoogleService-Info.plist"; sourceTree = "<group>"; };
		44629C6C298D9D34000FCE0B /* TableDrawModel.swift */ = {isa = PBXFileReference; lastKnownFileType = sourcecode.swift; path = TableDrawModel.swift; sourceTree = "<group>"; };
		44629C6E298DAD82000FCE0B /* PlayerListView.swift */ = {isa = PBXFileReference; lastKnownFileType = sourcecode.swift; path = PlayerListView.swift; sourceTree = "<group>"; };
		44629C70298DAD93000FCE0B /* PlayerCell.swift */ = {isa = PBXFileReference; lastKnownFileType = sourcecode.swift; path = PlayerCell.swift; sourceTree = "<group>"; };
		44629C72298DADDF000FCE0B /* PlayerModel.swift */ = {isa = PBXFileReference; lastKnownFileType = sourcecode.swift; path = PlayerModel.swift; sourceTree = "<group>"; };
		448025AA298E0EEE009736D2 /* PlayerDetailView.swift */ = {isa = PBXFileReference; lastKnownFileType = sourcecode.swift; path = PlayerDetailView.swift; sourceTree = "<group>"; };
		449704EC29901A52004CD71D /* Constants.swift */ = {isa = PBXFileReference; lastKnownFileType = sourcecode.swift; path = Constants.swift; sourceTree = "<group>"; };
		449704EE29901D39004CD71D /* Info.plist */ = {isa = PBXFileReference; lastKnownFileType = text.plist; path = Info.plist; sourceTree = "<group>"; };
		44AD5B6E298EDDE5002EC96D /* LaunchScreen.storyboard */ = {isa = PBXFileReference; lastKnownFileType = file.storyboard; path = LaunchScreen.storyboard; sourceTree = "<group>"; };
		44FC1B27298C910700D807D7 /* SwiftUITableDraw.app */ = {isa = PBXFileReference; explicitFileType = wrapper.application; includeInIndex = 0; path = SwiftUITableDraw.app; sourceTree = BUILT_PRODUCTS_DIR; };
		44FC1B2A298C910700D807D7 /* SwiftUITableDrawApp.swift */ = {isa = PBXFileReference; lastKnownFileType = sourcecode.swift; path = SwiftUITableDrawApp.swift; sourceTree = "<group>"; };
		44FC1B2E298C910A00D807D7 /* Assets.xcassets */ = {isa = PBXFileReference; lastKnownFileType = folder.assetcatalog; path = Assets.xcassets; sourceTree = "<group>"; };
		44FC1B31298C910A00D807D7 /* Preview Assets.xcassets */ = {isa = PBXFileReference; lastKnownFileType = folder.assetcatalog; path = "Preview Assets.xcassets"; sourceTree = "<group>"; };
		44FC1B3A298C919500D807D7 /* TourneyListView.swift */ = {isa = PBXFileReference; lastKnownFileType = sourcecode.swift; path = TourneyListView.swift; sourceTree = "<group>"; };
		44FC1B3C298C91D900D807D7 /* TourneyCell.swift */ = {isa = PBXFileReference; lastKnownFileType = sourcecode.swift; path = TourneyCell.swift; sourceTree = "<group>"; };
		44FC1B41298CA9DA00D807D7 /* JSONData.json */ = {isa = PBXFileReference; fileEncoding = 4; lastKnownFileType = text.json; path = JSONData.json; sourceTree = "<group>"; };
/* End PBXFileReference section */

/* Begin PBXFrameworksBuildPhase section */
		44FC1B24298C910700D807D7 /* Frameworks */ = {
			isa = PBXFrameworksBuildPhase;
			buildActionMask = 2147483647;
			files = (
				44696B57298F1F0D007CB53A /* FirebaseFunctions in Frameworks */,
				44696B53298F1F0D007CB53A /* FirebaseAuth in Frameworks */,
				44696B55298F1F0D007CB53A /* FirebaseFirestore in Frameworks */,
			);
			runOnlyForDeploymentPostprocessing = 0;
		};
/* End PBXFrameworksBuildPhase section */

/* Begin PBXGroup section */
		44FC1B1E298C910600D807D7 = {
			isa = PBXGroup;
			children = (
				44FC1B29298C910700D807D7 /* SwiftUITableDraw */,
				44FC1B28298C910700D807D7 /* Products */,
			);
			sourceTree = "<group>";
		};
		44FC1B28298C910700D807D7 /* Products */ = {
			isa = PBXGroup;
			children = (
				44FC1B27298C910700D807D7 /* SwiftUITableDraw.app */,
			);
			name = Products;
			sourceTree = "<group>";
		};
		44FC1B29298C910700D807D7 /* SwiftUITableDraw */ = {
			isa = PBXGroup;
			children = (
				449704EE29901D39004CD71D /* Info.plist */,
				4453F8A629913AF600119D98 /* GoogleService-Info.plist */,
				444567F3298D37F200401834 /* SwiftUITableDraw.entitlements */,
				44FC1B41298CA9DA00D807D7 /* JSONData.json */,
				44FC1B2A298C910700D807D7 /* SwiftUITableDrawApp.swift */,
				44FC1B3E298C91E200D807D7 /* Views */,
				44FC1B3F298C924800D807D7 /* Model */,
				44FC1B40298C925800D807D7 /* View Model */,
				44FC1B2E298C910A00D807D7 /* Assets.xcassets */,
				44FC1B30298C910A00D807D7 /* Preview Content */,
			);
			path = SwiftUITableDraw;
			sourceTree = "<group>";
		};
		44FC1B30298C910A00D807D7 /* Preview Content */ = {
			isa = PBXGroup;
			children = (
				44FC1B31298C910A00D807D7 /* Preview Assets.xcassets */,
			);
			path = "Preview Content";
			sourceTree = "<group>";
		};
		44FC1B3E298C91E200D807D7 /* Views */ = {
			isa = PBXGroup;
			children = (
				44FC1B3C298C91D900D807D7 /* TourneyCell.swift */,
				44FC1B3A298C919500D807D7 /* TourneyListView.swift */,
				44629C70298DAD93000FCE0B /* PlayerCell.swift */,
				44629C6E298DAD82000FCE0B /* PlayerListView.swift */,
				448025AA298E0EEE009736D2 /* PlayerDetailView.swift */,
				44AD5B6E298EDDE5002EC96D /* LaunchScreen.storyboard */,
			);
			path = Views;
			sourceTree = "<group>";
		};
		44FC1B3F298C924800D807D7 /* Model */ = {
			isa = PBXGroup;
			children = (
				44629C6C298D9D34000FCE0B /* TableDrawModel.swift */,
				44629C72298DADDF000FCE0B /* PlayerModel.swift */,
			);
			path = Model;
			sourceTree = "<group>";
		};
		44FC1B40298C925800D807D7 /* View Model */ = {
			isa = PBXGroup;
			children = (
				442EDE23298E9EEB00382014 /* ModelData.swift */,
				449704EC29901A52004CD71D /* Constants.swift */,
			);
			path = "View Model";
			sourceTree = "<group>";
		};
/* End PBXGroup section */

/* Begin PBXNativeTarget section */
		44FC1B26298C910700D807D7 /* SwiftUITableDraw */ = {
			isa = PBXNativeTarget;
			buildConfigurationList = 44FC1B35298C910A00D807D7 /* Build configuration list for PBXNativeTarget "SwiftUITableDraw" */;
			buildPhases = (
				44FC1B23298C910700D807D7 /* Sources */,
				44FC1B24298C910700D807D7 /* Frameworks */,
				44FC1B25298C910700D807D7 /* Resources */,
			);
			buildRules = (
			);
			dependencies = (
			);
			name = SwiftUITableDraw;
			packageProductDependencies = (
				44696B52298F1F0D007CB53A /* FirebaseAuth */,
				44696B54298F1F0D007CB53A /* FirebaseFirestore */,
				44696B56298F1F0D007CB53A /* FirebaseFunctions */,
			);
			productName = SwiftUITableDraw;
			productReference = 44FC1B27298C910700D807D7 /* SwiftUITableDraw.app */;
			productType = "com.apple.product-type.application";
		};
/* End PBXNativeTarget section */

/* Begin PBXProject section */
		44FC1B1F298C910700D807D7 /* Project object */ = {
			isa = PBXProject;
			attributes = {
				BuildIndependentTargetsInParallel = 1;
				LastSwiftUpdateCheck = 1420;
				LastUpgradeCheck = 1420;
				TargetAttributes = {
					44FC1B26298C910700D807D7 = {
						CreatedOnToolsVersion = 14.2;
					};
				};
			};
			buildConfigurationList = 44FC1B22298C910700D807D7 /* Build configuration list for PBXProject "SwiftUITableDraw" */;
			compatibilityVersion = "Xcode 14.0";
			developmentRegion = en;
			hasScannedForEncodings = 0;
			knownRegions = (
				en,
				Base,
			);
			mainGroup = 44FC1B1E298C910600D807D7;
			packageReferences = (
				44696B51298F1F0D007CB53A /* XCRemoteSwiftPackageReference "firebase-ios-sdk" */,
			);
			productRefGroup = 44FC1B28298C910700D807D7 /* Products */;
			projectDirPath = "";
			projectRoot = "";
			targets = (
				44FC1B26298C910700D807D7 /* SwiftUITableDraw */,
			);
		};
/* End PBXProject section */

/* Begin PBXResourcesBuildPhase section */
		44FC1B25298C910700D807D7 /* Resources */ = {
			isa = PBXResourcesBuildPhase;
			buildActionMask = 2147483647;
			files = (
				44FC1B32298C910A00D807D7 /* Preview Assets.xcassets in Resources */,
				44AD5B6F298EDDE5002EC96D /* LaunchScreen.storyboard in Resources */,
				4453F8A729913AF600119D98 /* GoogleService-Info.plist in Resources */,
				44FC1B42298CA9DB00D807D7 /* JSONData.json in Resources */,
				44FC1B2F298C910A00D807D7 /* Assets.xcassets in Resources */,
			);
			runOnlyForDeploymentPostprocessing = 0;
		};
/* End PBXResourcesBuildPhase section */

/* Begin PBXSourcesBuildPhase section */
		44FC1B23298C910700D807D7 /* Sources */ = {
			isa = PBXSourcesBuildPhase;
			buildActionMask = 2147483647;
			files = (
				44629C71298DAD93000FCE0B /* PlayerCell.swift in Sources */,
				44629C73298DADDF000FCE0B /* PlayerModel.swift in Sources */,
				442EDE24298E9EEB00382014 /* ModelData.swift in Sources */,
				44FC1B2B298C910700D807D7 /* SwiftUITableDrawApp.swift in Sources */,
				44FC1B3D298C91D900D807D7 /* TourneyCell.swift in Sources */,
				449704ED29901A52004CD71D /* Constants.swift in Sources */,
				448025AB298E0EEE009736D2 /* PlayerDetailView.swift in Sources */,
				44FC1B3B298C919500D807D7 /* TourneyListView.swift in Sources */,
				44629C6F298DAD82000FCE0B /* PlayerListView.swift in Sources */,
				44629C6D298D9D34000FCE0B /* TableDrawModel.swift in Sources */,
			);
			runOnlyForDeploymentPostprocessing = 0;
		};
/* End PBXSourcesBuildPhase section */

/* Begin XCBuildConfiguration section */
		44FC1B33298C910A00D807D7 /* Debug */ = {
			isa = XCBuildConfiguration;
			buildSettings = {
				ALWAYS_SEARCH_USER_PATHS = NO;
				CLANG_ANALYZER_NONNULL = YES;
				CLANG_ANALYZER_NUMBER_OBJECT_CONVERSION = YES_AGGRESSIVE;
				CLANG_CXX_LANGUAGE_STANDARD = "gnu++20";
				CLANG_ENABLE_MODULES = YES;
				CLANG_ENABLE_OBJC_ARC = YES;
				CLANG_ENABLE_OBJC_WEAK = YES;
				CLANG_WARN_BLOCK_CAPTURE_AUTORELEASING = YES;
				CLANG_WARN_BOOL_CONVERSION = YES;
				CLANG_WARN_COMMA = YES;
				CLANG_WARN_CONSTANT_CONVERSION = YES;
				CLANG_WARN_DEPRECATED_OBJC_IMPLEMENTATIONS = YES;
				CLANG_WARN_DIRECT_OBJC_ISA_USAGE = YES_ERROR;
				CLANG_WARN_DOCUMENTATION_COMMENTS = YES;
				CLANG_WARN_EMPTY_BODY = YES;
				CLANG_WARN_ENUM_CONVERSION = YES;
				CLANG_WARN_INFINITE_RECURSION = YES;
				CLANG_WARN_INT_CONVERSION = YES;
				CLANG_WARN_NON_LITERAL_NULL_CONVERSION = YES;
				CLANG_WARN_OBJC_IMPLICIT_RETAIN_SELF = YES;
				CLANG_WARN_OBJC_LITERAL_CONVERSION = YES;
				CLANG_WARN_OBJC_ROOT_CLASS = YES_ERROR;
				CLANG_WARN_QUOTED_INCLUDE_IN_FRAMEWORK_HEADER = YES;
				CLANG_WARN_RANGE_LOOP_ANALYSIS = YES;
				CLANG_WARN_STRICT_PROTOTYPES = YES;
				CLANG_WARN_SUSPICIOUS_MOVE = YES;
				CLANG_WARN_UNGUARDED_AVAILABILITY = YES_AGGRESSIVE;
				CLANG_WARN_UNREACHABLE_CODE = YES;
				CLANG_WARN__DUPLICATE_METHOD_MATCH = YES;
				COPY_PHASE_STRIP = NO;
				DEBUG_INFORMATION_FORMAT = dwarf;
				ENABLE_STRICT_OBJC_MSGSEND = YES;
				ENABLE_TESTABILITY = YES;
				GCC_C_LANGUAGE_STANDARD = gnu11;
				GCC_DYNAMIC_NO_PIC = NO;
				GCC_NO_COMMON_BLOCKS = YES;
				GCC_OPTIMIZATION_LEVEL = 0;
				GCC_PREPROCESSOR_DEFINITIONS = (
					"DEBUG=1",
					"$(inherited)",
				);
				GCC_WARN_64_TO_32_BIT_CONVERSION = YES;
				GCC_WARN_ABOUT_RETURN_TYPE = YES_ERROR;
				GCC_WARN_UNDECLARED_SELECTOR = YES;
				GCC_WARN_UNINITIALIZED_AUTOS = YES_AGGRESSIVE;
				GCC_WARN_UNUSED_FUNCTION = YES;
				GCC_WARN_UNUSED_VARIABLE = YES;
				IPHONEOS_DEPLOYMENT_TARGET = 16.2;
				MTL_ENABLE_DEBUG_INFO = INCLUDE_SOURCE;
				MTL_FAST_MATH = YES;
				ONLY_ACTIVE_ARCH = YES;
				SDKROOT = iphoneos;
				SWIFT_ACTIVE_COMPILATION_CONDITIONS = DEBUG;
				SWIFT_OPTIMIZATION_LEVEL = "-Onone";
			};
			name = Debug;
		};
		44FC1B34298C910A00D807D7 /* Release */ = {
			isa = XCBuildConfiguration;
			buildSettings = {
				ALWAYS_SEARCH_USER_PATHS = NO;
				CLANG_ANALYZER_NONNULL = YES;
				CLANG_ANALYZER_NUMBER_OBJECT_CONVERSION = YES_AGGRESSIVE;
				CLANG_CXX_LANGUAGE_STANDARD = "gnu++20";
				CLANG_ENABLE_MODULES = YES;
				CLANG_ENABLE_OBJC_ARC = YES;
				CLANG_ENABLE_OBJC_WEAK = YES;
				CLANG_WARN_BLOCK_CAPTURE_AUTORELEASING = YES;
				CLANG_WARN_BOOL_CONVERSION = YES;
				CLANG_WARN_COMMA = YES;
				CLANG_WARN_CONSTANT_CONVERSION = YES;
				CLANG_WARN_DEPRECATED_OBJC_IMPLEMENTATIONS = YES;
				CLANG_WARN_DIRECT_OBJC_ISA_USAGE = YES_ERROR;
				CLANG_WARN_DOCUMENTATION_COMMENTS = YES;
				CLANG_WARN_EMPTY_BODY = YES;
				CLANG_WARN_ENUM_CONVERSION = YES;
				CLANG_WARN_INFINITE_RECURSION = YES;
				CLANG_WARN_INT_CONVERSION = YES;
				CLANG_WARN_NON_LITERAL_NULL_CONVERSION = YES;
				CLANG_WARN_OBJC_IMPLICIT_RETAIN_SELF = YES;
				CLANG_WARN_OBJC_LITERAL_CONVERSION = YES;
				CLANG_WARN_OBJC_ROOT_CLASS = YES_ERROR;
				CLANG_WARN_QUOTED_INCLUDE_IN_FRAMEWORK_HEADER = YES;
				CLANG_WARN_RANGE_LOOP_ANALYSIS = YES;
				CLANG_WARN_STRICT_PROTOTYPES = YES;
				CLANG_WARN_SUSPICIOUS_MOVE = YES;
				CLANG_WARN_UNGUARDED_AVAILABILITY = YES_AGGRESSIVE;
				CLANG_WARN_UNREACHABLE_CODE = YES;
				CLANG_WARN__DUPLICATE_METHOD_MATCH = YES;
				COPY_PHASE_STRIP = NO;
				DEBUG_INFORMATION_FORMAT = "dwarf-with-dsym";
				ENABLE_NS_ASSERTIONS = NO;
				ENABLE_STRICT_OBJC_MSGSEND = YES;
				GCC_C_LANGUAGE_STANDARD = gnu11;
				GCC_NO_COMMON_BLOCKS = YES;
				GCC_WARN_64_TO_32_BIT_CONVERSION = YES;
				GCC_WARN_ABOUT_RETURN_TYPE = YES_ERROR;
				GCC_WARN_UNDECLARED_SELECTOR = YES;
				GCC_WARN_UNINITIALIZED_AUTOS = YES_AGGRESSIVE;
				GCC_WARN_UNUSED_FUNCTION = YES;
				GCC_WARN_UNUSED_VARIABLE = YES;
				IPHONEOS_DEPLOYMENT_TARGET = 16.2;
				MTL_ENABLE_DEBUG_INFO = NO;
				MTL_FAST_MATH = YES;
				SDKROOT = iphoneos;
				SWIFT_COMPILATION_MODE = wholemodule;
				SWIFT_OPTIMIZATION_LEVEL = "-O";
				VALIDATE_PRODUCT = YES;
			};
			name = Release;
		};
		44FC1B36298C910A00D807D7 /* Debug */ = {
			isa = XCBuildConfiguration;
			buildSettings = {
				ASSETCATALOG_COMPILER_APPICON_NAME = AppIcon;
				ASSETCATALOG_COMPILER_GLOBAL_ACCENT_COLOR_NAME = AccentColor;
				CODE_SIGN_ENTITLEMENTS = SwiftUITableDraw/SwiftUITableDraw.entitlements;
				CODE_SIGN_STYLE = Automatic;
				CURRENT_PROJECT_VERSION = 1;
				DEVELOPMENT_ASSET_PATHS = "\"SwiftUITableDraw/Preview Content\"";
				DEVELOPMENT_TEAM = NJ4JGW72MW;
				ENABLE_PREVIEWS = YES;
				GENERATE_INFOPLIST_FILE = YES;
				INFOPLIST_FILE = SwiftUITableDraw/Info.plist;
				INFOPLIST_KEY_CFBundleDisplayName = "My Table Draw";
				INFOPLIST_KEY_UIApplicationSupportsIndirectInputEvents = YES;
				INFOPLIST_KEY_UILaunchScreen_Generation = YES;
				INFOPLIST_KEY_UILaunchStoryboardName = LaunchScreen.storyboard;
				INFOPLIST_KEY_UISupportedInterfaceOrientations = UIInterfaceOrientationPortrait;
				LD_RUNPATH_SEARCH_PATHS = (
					"$(inherited)",
					"@executable_path/Frameworks",
				);
				MARKETING_VERSION = 1.0;
				PRODUCT_BUNDLE_IDENTIFIER = com.gyndok.SwiftUITableDraw;
				PRODUCT_NAME = "$(TARGET_NAME)";
				SWIFT_EMIT_LOC_STRINGS = YES;
				SWIFT_VERSION = 5.0;
				TARGETED_DEVICE_FAMILY = "1,2";
			};
			name = Debug;
		};
		44FC1B37298C910A00D807D7 /* Release */ = {
			isa = XCBuildConfiguration;
			buildSettings = {
				ASSETCATALOG_COMPILER_APPICON_NAME = AppIcon;
				ASSETCATALOG_COMPILER_GLOBAL_ACCENT_COLOR_NAME = AccentColor;
				CODE_SIGN_ENTITLEMENTS = SwiftUITableDraw/SwiftUITableDraw.entitlements;
				CODE_SIGN_STYLE = Automatic;
				CURRENT_PROJECT_VERSION = 1;
				DEVELOPMENT_ASSET_PATHS = "\"SwiftUITableDraw/Preview Content\"";
				DEVELOPMENT_TEAM = NJ4JGW72MW;
				ENABLE_PREVIEWS = YES;
				GENERATE_INFOPLIST_FILE = YES;
				INFOPLIST_FILE = SwiftUITableDraw/Info.plist;
				INFOPLIST_KEY_CFBundleDisplayName = "My Table Draw";
				INFOPLIST_KEY_UIApplicationSupportsIndirectInputEvents = YES;
				INFOPLIST_KEY_UILaunchScreen_Generation = YES;
				INFOPLIST_KEY_UILaunchStoryboardName = LaunchScreen.storyboard;
				INFOPLIST_KEY_UISupportedInterfaceOrientations = UIInterfaceOrientationPortrait;
				LD_RUNPATH_SEARCH_PATHS = (
					"$(inherited)",
					"@executable_path/Frameworks",
				);
				MARKETING_VERSION = 1.0;
				PRODUCT_BUNDLE_IDENTIFIER = com.gyndok.SwiftUITableDraw;
				PRODUCT_NAME = "$(TARGET_NAME)";
				SWIFT_EMIT_LOC_STRINGS = YES;
				SWIFT_VERSION = 5.0;
				TARGETED_DEVICE_FAMILY = "1,2";
			};
			name = Release;
		};
/* End XCBuildConfiguration section */

/* Begin XCConfigurationList section */
		44FC1B22298C910700D807D7 /* Build configuration list for PBXProject "SwiftUITableDraw" */ = {
			isa = XCConfigurationList;
			buildConfigurations = (
				44FC1B33298C910A00D807D7 /* Debug */,
				44FC1B34298C910A00D807D7 /* Release */,
			);
			defaultConfigurationIsVisible = 0;
			defaultConfigurationName = Release;
		};
		44FC1B35298C910A00D807D7 /* Build configuration list for PBXNativeTarget "SwiftUITableDraw" */ = {
			isa = XCConfigurationList;
			buildConfigurations = (
				44FC1B36298C910A00D807D7 /* Debug */,
				44FC1B37298C910A00D807D7 /* Release */,
			);
			defaultConfigurationIsVisible = 0;
			defaultConfigurationName = Release;
		};
/* End XCConfigurationList section */

/* Begin XCRemoteSwiftPackageReference section */
		44696B51298F1F0D007CB53A /* XCRemoteSwiftPackageReference "firebase-ios-sdk" */ = {
			isa = XCRemoteSwiftPackageReference;
			repositoryURL = "https://github.com/firebase/firebase-ios-sdk";
			requirement = {
				branch = master;
				kind = branch;
			};
		};
/* End XCRemoteSwiftPackageReference section */

/* Begin XCSwiftPackageProductDependency section */
		44696B52298F1F0D007CB53A /* FirebaseAuth */ = {
			isa = XCSwiftPackageProductDependency;
			package = 44696B51298F1F0D007CB53A /* XCRemoteSwiftPackageReference "firebase-ios-sdk" */;
			productName = FirebaseAuth;
		};
		44696B54298F1F0D007CB53A /* FirebaseFirestore */ = {
			isa = XCSwiftPackageProductDependency;
			package = 44696B51298F1F0D007CB53A /* XCRemoteSwiftPackageReference "firebase-ios-sdk" */;
			productName = FirebaseFirestore;
		};
		44696B56298F1F0D007CB53A /* FirebaseFunctions */ = {
			isa = XCSwiftPackageProductDependency;
			package = 44696B51298F1F0D007CB53A /* XCRemoteSwiftPackageReference "firebase-ios-sdk" */;
			productName = FirebaseFunctions;
		};
/* End XCSwiftPackageProductDependency section */
	};
	rootObject = 44FC1B1F298C910700D807D7 /* Project object */;
}
